# generated by rye
# use `rye lock` or `rye sync` to update this lockfile
#
# last locked with the following flags:
#   pre: false
#   features: []
#   all-features: false
#   with-sources: true

--index-url https://pypi.org/simple/

-e file:.
annotated-types==0.7.0
    # via agogos
joblib==1.4.2
    # via agogos
